
Microsoft Visual Studio Solution File, Format Version 12.00
# Visual Studio Version 16
VisualStudioVersion = 16.0.31727.386
MinimumVisualStudioVersion = 10.0.40219.1
Project("{FAE04EC0-301F-11D3-BF4B-00C04F79EFBC}") = "API", "API\API.csproj", "{F51866F0-F9F6-4103-B300-E031C71544C3}"
EndProject
Global
	GlobalSection(SolutionConfigurationPlatforms) = preSolution
		Debug|Any CPU = Debug|Any CPU
		Release|Any CPU = Release|Any CPU
	EndGlobalSection
	GlobalSection(ProjectConfigurationPlatforms) = postSolution
		{F51866F0-F9F6-4103-B300-E031C71544C3}.Debug|Any CPU.ActiveCfg = Debug|Any CPU
		{F51866F0-F9F6-4103-B300-E031C71544C3}.Debug|Any CPU.Build.0 = Debug|Any CPU
		{F51866F0-F9F6-4103-B300-E031C71544C3}.Release|Any CPU.ActiveCfg = Release|Any CPU
		{F51866F0-F9F6-4103-B300-E031C71544C3}.Release|Any CPU.Build.0 = Release|Any CPU
	EndGlobalSection
	GlobalSection(SolutionProperties) = preSolution
		HideSolutionNode = FALSE
	EndGlobalSection
	GlobalSection(ExtensibilityGlobals) = postSolution
		SolutionGuid = {980841CA-9E36-46AC-A155-88C827F30988}
	EndGlobalSection
EndGlobal
